// !$*UTF8*$!
{
	archiveVersion = 1;
	classes = {
	};
	objectVersion = 56;
	objects = {

/* Begin PBXBuildFile section */
		6A1628712B1750A100F36FA6 /* testdata.json in Resources */ = {isa = PBXBuildFile; fileRef = 6A1628702B1750A100F36FA6 /* testdata.json */; };
		6A1628752B1750C900F36FA6 /* testmodel.json in Resources */ = {isa = PBXBuildFile; fileRef = 6A1628742B1750C900F36FA6 /* testmodel.json */; };
		6A49190F2AEDED29007A1569 /* AppDelegate.swift in Sources */ = {isa = PBXBuildFile; fileRef = 6A49190E2AEDED29007A1569 /* AppDelegate.swift */; };
		6A4919132AEDED29007A1569 /* ViewController.swift in Sources */ = {isa = PBXBuildFile; fileRef = 6A4919122AEDED29007A1569 /* ViewController.swift */; };
		6A4919162AEDED29007A1569 /* Main.storyboard in Resources */ = {isa = PBXBuildFile; fileRef = 6A4919142AEDED29007A1569 /* Main.storyboard */; };
		6A4919182AEDED2D007A1569 /* Assets.xcassets in Resources */ = {isa = PBXBuildFile; fileRef = 6A4919172AEDED2D007A1569 /* Assets.xcassets */; };
		6A49191B2AEDED2D007A1569 /* LaunchScreen.storyboard in Resources */ = {isa = PBXBuildFile; fileRef = 6A4919192AEDED2D007A1569 /* LaunchScreen.storyboard */; };
		6A4919262AEDED2D007A1569 /* SQLiteTestTests.swift in Sources */ = {isa = PBXBuildFile; fileRef = 6A4919252AEDED2D007A1569 /* SQLiteTestTests.swift */; };
		6A4919302AEDED2D007A1569 /* SQLiteTestUITests.swift in Sources */ = {isa = PBXBuildFile; fileRef = 6A49192F2AEDED2D007A1569 /* SQLiteTestUITests.swift */; };
		6A4919322AEDED2D007A1569 /* SQLiteTestUITestsLaunchTests.swift in Sources */ = {isa = PBXBuildFile; fileRef = 6A4919312AEDED2D007A1569 /* SQLiteTestUITestsLaunchTests.swift */; };
		6A49193F2AEDEF11007A1569 /* LocalStorageManager.swift in Sources */ = {isa = PBXBuildFile; fileRef = 6A49193E2AEDEF11007A1569 /* LocalStorageManager.swift */; };
/* End PBXBuildFile section */

/* Begin PBXContainerItemProxy section */
		6A4919222AEDED2D007A1569 /* PBXContainerItemProxy */ = {
			isa = PBXContainerItemProxy;
			containerPortal = 6A4919032AEDED29007A1569 /* Project object */;
			proxyType = 1;
			remoteGlobalIDString = 6A49190A2AEDED29007A1569;
			remoteInfo = SQLiteTest;
		};
		6A49192C2AEDED2D007A1569 /* PBXContainerItemProxy */ = {
			isa = PBXContainerItemProxy;
			containerPortal = 6A4919032AEDED29007A1569 /* Project object */;
			proxyType = 1;
			remoteGlobalIDString = 6A49190A2AEDED29007A1569;
			remoteInfo = SQLiteTest;
		};
/* End PBXContainerItemProxy section */

/* Begin PBXFileReference section */
		6A1628702B1750A100F36FA6 /* testdata.json */ = {isa = PBXFileReference; fileEncoding = 4; lastKnownFileType = text.json; path = testdata.json; sourceTree = "<group>"; };
		6A1628742B1750C900F36FA6 /* testmodel.json */ = {isa = PBXFileReference; lastKnownFileType = text.json; path = testmodel.json; sourceTree = "<group>"; xcLanguageSpecificationIdentifier = xcode.lang.json; };
		6A49190B2AEDED29007A1569 /* SQLiteTest.app */ = {isa = PBXFileReference; explicitFileType = wrapper.application; includeInIndex = 0; path = SQLiteTest.app; sourceTree = BUILT_PRODUCTS_DIR; };
		6A49190E2AEDED29007A1569 /* AppDelegate.swift */ = {isa = PBXFileReference; lastKnownFileType = sourcecode.swift; path = AppDelegate.swift; sourceTree = "<group>"; };
		6A4919122AEDED29007A1569 /* ViewController.swift */ = {isa = PBXFileReference; lastKnownFileType = sourcecode.swift; path = ViewController.swift; sourceTree = "<group>"; };
		6A4919152AEDED29007A1569 /* Base */ = {isa = PBXFileReference; lastKnownFileType = file.storyboard; name = Base; path = Base.lproj/Main.storyboard; sourceTree = "<group>"; };
		6A4919172AEDED2D007A1569 /* Assets.xcassets */ = {isa = PBXFileReference; lastKnownFileType = folder.assetcatalog; path = Assets.xcassets; sourceTree = "<group>"; };
		6A49191A2AEDED2D007A1569 /* Base */ = {isa = PBXFileReference; lastKnownFileType = file.storyboard; name = Base; path = Base.lproj/LaunchScreen.storyboard; sourceTree = "<group>"; };
		6A49191C2AEDED2D007A1569 /* Info.plist */ = {isa = PBXFileReference; lastKnownFileType = text.plist.xml; path = Info.plist; sourceTree = "<group>"; };
		6A4919212AEDED2D007A1569 /* SQLiteTestTests.xctest */ = {isa = PBXFileReference; explicitFileType = wrapper.cfbundle; includeInIndex = 0; path = SQLiteTestTests.xctest; sourceTree = BUILT_PRODUCTS_DIR; };
		6A4919252AEDED2D007A1569 /* SQLiteTestTests.swift */ = {isa = PBXFileReference; lastKnownFileType = sourcecode.swift; path = SQLiteTestTests.swift; sourceTree = "<group>"; };
		6A49192B2AEDED2D007A1569 /* SQLiteTestUITests.xctest */ = {isa = PBXFileReference; explicitFileType = wrapper.cfbundle; includeInIndex = 0; path = SQLiteTestUITests.xctest; sourceTree = BUILT_PRODUCTS_DIR; };
		6A49192F2AEDED2D007A1569 /* SQLiteTestUITests.swift */ = {isa = PBXFileReference; lastKnownFileType = sourcecode.swift; path = SQLiteTestUITests.swift; sourceTree = "<group>"; };
		6A4919312AEDED2D007A1569 /* SQLiteTestUITestsLaunchTests.swift */ = {isa = PBXFileReference; lastKnownFileType = sourcecode.swift; path = SQLiteTestUITestsLaunchTests.swift; sourceTree = "<group>"; };
		6A49193E2AEDEF11007A1569 /* LocalStorageManager.swift */ = {isa = PBXFileReference; lastKnownFileType = sourcecode.swift; path = LocalStorageManager.swift; sourceTree = "<group>"; };
/* End PBXFileReference section */

/* Begin PBXFrameworksBuildPhase section */
		6A4919082AEDED29007A1569 /* Frameworks */ = {
			isa = PBXFrameworksBuildPhase;
			buildActionMask = 2147483647;
			files = (
			);
			runOnlyForDeploymentPostprocessing = 0;
		};
		6A49191E2AEDED2D007A1569 /* Frameworks */ = {
			isa = PBXFrameworksBuildPhase;
			buildActionMask = 2147483647;
			files = (
			);
			runOnlyForDeploymentPostprocessing = 0;
		};
		6A4919282AEDED2D007A1569 /* Frameworks */ = {
			isa = PBXFrameworksBuildPhase;
			buildActionMask = 2147483647;
			files = (
			);
			runOnlyForDeploymentPostprocessing = 0;
		};
/* End PBXFrameworksBuildPhase section */

/* Begin PBXGroup section */
		6A4919022AEDED29007A1569 = {
			isa = PBXGroup;
			children = (
				6A49190D2AEDED29007A1569 /* SQLiteTest */,
				6A4919242AEDED2D007A1569 /* SQLiteTestTests */,
				6A49192E2AEDED2D007A1569 /* SQLiteTestUITests */,
				6A49190C2AEDED29007A1569 /* Products */,
			);
			sourceTree = "<group>";
		};
		6A49190C2AEDED29007A1569 /* Products */ = {
			isa = PBXGroup;
			children = (
				6A49190B2AEDED29007A1569 /* SQLiteTest.app */,
				6A4919212AEDED2D007A1569 /* SQLiteTestTests.xctest */,
				6A49192B2AEDED2D007A1569 /* SQLiteTestUITests.xctest */,
			);
			name = Products;
			sourceTree = "<group>";
		};
		6A49190D2AEDED29007A1569 /* SQLiteTest */ = {
			isa = PBXGroup;
			children = (
				6A49190E2AEDED29007A1569 /* AppDelegate.swift */,
				6A4919122AEDED29007A1569 /* ViewController.swift */,
				6A1628702B1750A100F36FA6 /* testdata.json */,
				6A4919142AEDED29007A1569 /* Main.storyboard */,
				6A4919172AEDED2D007A1569 /* Assets.xcassets */,
				6A4919192AEDED2D007A1569 /* LaunchScreen.storyboard */,
				6A49191C2AEDED2D007A1569 /* Info.plist */,
				6A49193E2AEDEF11007A1569 /* LocalStorageManager.swift */,
				6A1628742B1750C900F36FA6 /* testmodel.json */,
			);
			path = SQLiteTest;
			sourceTree = "<group>";
		};
		6A4919242AEDED2D007A1569 /* SQLiteTestTests */ = {
			isa = PBXGroup;
			children = (
				6A4919252AEDED2D007A1569 /* SQLiteTestTests.swift */,
			);
			path = SQLiteTestTests;
			sourceTree = "<group>";
		};
		6A49192E2AEDED2D007A1569 /* SQLiteTestUITests */ = {
			isa = PBXGroup;
			children = (
				6A49192F2AEDED2D007A1569 /* SQLiteTestUITests.swift */,
				6A4919312AEDED2D007A1569 /* SQLiteTestUITestsLaunchTests.swift */,
			);
			path = SQLiteTestUITests;
			sourceTree = "<group>";
		};
/* End PBXGroup section */

/* Begin PBXNativeTarget section */
		6A49190A2AEDED29007A1569 /* SQLiteTest */ = {
			isa = PBXNativeTarget;
			buildConfigurationList = 6A4919352AEDED2D007A1569 /* Build configuration list for PBXNativeTarget "SQLiteTest" */;
			buildPhases = (
				6A4919072AEDED29007A1569 /* Sources */,
				6A4919082AEDED29007A1569 /* Frameworks */,
				6A4919092AEDED29007A1569 /* Resources */,
			);
			buildRules = (
			);
			dependencies = (
			);
			name = SQLiteTest;
			productName = SQLiteTest;
			productReference = 6A49190B2AEDED29007A1569 /* SQLiteTest.app */;
			productType = "com.apple.product-type.application";
		};
		6A4919202AEDED2D007A1569 /* SQLiteTestTests */ = {
			isa = PBXNativeTarget;
			buildConfigurationList = 6A4919382AEDED2D007A1569 /* Build configuration list for PBXNativeTarget "SQLiteTestTests" */;
			buildPhases = (
				6A49191D2AEDED2D007A1569 /* Sources */,
				6A49191E2AEDED2D007A1569 /* Frameworks */,
				6A49191F2AEDED2D007A1569 /* Resources */,
			);
			buildRules = (
			);
			dependencies = (
				6A4919232AEDED2D007A1569 /* PBXTargetDependency */,
			);
			name = SQLiteTestTests;
			productName = SQLiteTestTests;
			productReference = 6A4919212AEDED2D007A1569 /* SQLiteTestTests.xctest */;
			productType = "com.apple.product-type.bundle.unit-test";
		};
		6A49192A2AEDED2D007A1569 /* SQLiteTestUITests */ = {
			isa = PBXNativeTarget;
			buildConfigurationList = 6A49193B2AEDED2D007A1569 /* Build configuration list for PBXNativeTarget "SQLiteTestUITests" */;
			buildPhases = (
				6A4919272AEDED2D007A1569 /* Sources */,
				6A4919282AEDED2D007A1569 /* Frameworks */,
				6A4919292AEDED2D007A1569 /* Resources */,
			);
			buildRules = (
			);
			dependencies = (
				6A49192D2AEDED2D007A1569 /* PBXTargetDependency */,
			);
			name = SQLiteTestUITests;
			productName = SQLiteTestUITests;
			productReference = 6A49192B2AEDED2D007A1569 /* SQLiteTestUITests.xctest */;
			productType = "com.apple.product-type.bundle.ui-testing";
		};
/* End PBXNativeTarget section */

/* Begin PBXProject section */
		6A4919032AEDED29007A1569 /* Project object */ = {
			isa = PBXProject;
			attributes = {
				BuildIndependentTargetsInParallel = 1;
				LastSwiftUpdateCheck = 1420;
				LastUpgradeCheck = 1420;
				TargetAttributes = {
					6A49190A2AEDED29007A1569 = {
						CreatedOnToolsVersion = 14.2;
					};
					6A4919202AEDED2D007A1569 = {
						CreatedOnToolsVersion = 14.2;
						TestTargetID = 6A49190A2AEDED29007A1569;
					};
					6A49192A2AEDED2D007A1569 = {
						CreatedOnToolsVersion = 14.2;
						TestTargetID = 6A49190A2AEDED29007A1569;
					};
				};
			};
			buildConfigurationList = 6A4919062AEDED29007A1569 /* Build configuration list for PBXProject "SQLiteTest" */;
			compatibilityVersion = "Xcode 14.0";
			developmentRegion = en;
			hasScannedForEncodings = 0;
			knownRegions = (
				en,
				Base,
			);
			mainGroup = 6A4919022AEDED29007A1569;
			productRefGroup = 6A49190C2AEDED29007A1569 /* Products */;
			projectDirPath = "";
			projectRoot = "";
			targets = (
				6A49190A2AEDED29007A1569 /* SQLiteTest */,
				6A4919202AEDED2D007A1569 /* SQLiteTestTests */,
				6A49192A2AEDED2D007A1569 /* SQLiteTestUITests */,
			);
		};
/* End PBXProject section */

/* Begin PBXResourcesBuildPhase section */
		6A4919092AEDED29007A1569 /* Resources */ = {
			isa = PBXResourcesBuildPhase;
			buildActionMask = 2147483647;
			files = (
				6A1628752B1750C900F36FA6 /* testmodel.json in Resources */,
				6A49191B2AEDED2D007A1569 /* LaunchScreen.storyboard in Resources */,
				6A4919182AEDED2D007A1569 /* Assets.xcassets in Resources */,
				6A4919162AEDED29007A1569 /* Main.storyboard in Resources */,
				6A1628712B1750A100F36FA6 /* testdata.json in Resources */,
			);
			runOnlyForDeploymentPostprocessing = 0;
		};
		6A49191F2AEDED2D007A1569 /* Resources */ = {
			isa = PBXResourcesBuildPhase;
			buildActionMask = 2147483647;
			files = (
			);
			runOnlyForDeploymentPostprocessing = 0;
		};
		6A4919292AEDED2D007A1569 /* Resources */ = {
			isa = PBXResourcesBuildPhase;
			buildActionMask = 2147483647;
			files = (
			);
			runOnlyForDeploymentPostprocessing = 0;
		};
/* End PBXResourcesBuildPhase section */

/* Begin PBXSourcesBuildPhase section */
		6A4919072AEDED29007A1569 /* Sources */ = {
			isa = PBXSourcesBuildPhase;
			buildActionMask = 2147483647;
			files = (
				6A49193F2AEDEF11007A1569 /* LocalStorageManager.swift in Sources */,
				6A4919132AEDED29007A1569 /* ViewController.swift in Sources */,
				6A49190F2AEDED29007A1569 /* AppDelegate.swift in Sources */,
			);
			runOnlyForDeploymentPostprocessing = 0;
		};
		6A49191D2AEDED2D007A1569 /* Sources */ = {
			isa = PBXSourcesBuildPhase;
			buildActionMask = 2147483647;
			files = (
				6A4919262AEDED2D007A1569 /* SQLiteTestTests.swift in Sources */,
			);
			runOnlyForDeploymentPostprocessing = 0;
		};
		6A4919272AEDED2D007A1569 /* Sources */ = {
			isa = PBXSourcesBuildPhase;
			buildActionMask = 2147483647;
			files = (
				6A4919322AEDED2D007A1569 /* SQLiteTestUITestsLaunchTests.swift in Sources */,
				6A4919302AEDED2D007A1569 /* SQLiteTestUITests.swift in Sources */,
			);
			runOnlyForDeploymentPostprocessing = 0;
		};
/* End PBXSourcesBuildPhase section */

/* Begin PBXTargetDependency section */
		6A4919232AEDED2D007A1569 /* PBXTargetDependency */ = {
			isa = PBXTargetDependency;
			target = 6A49190A2AEDED29007A1569 /* SQLiteTest */;
			targetProxy = 6A4919222AEDED2D007A1569 /* PBXContainerItemProxy */;
		};
		6A49192D2AEDED2D007A1569 /* PBXTargetDependency */ = {
			isa = PBXTargetDependency;
			target = 6A49190A2AEDED29007A1569 /* SQLiteTest */;
			targetProxy = 6A49192C2AEDED2D007A1569 /* PBXContainerItemProxy */;
		};
/* End PBXTargetDependency section */

/* Begin PBXVariantGroup section */
		6A4919142AEDED29007A1569 /* Main.storyboard */ = {
			isa = PBXVariantGroup;
			children = (
				6A4919152AEDED29007A1569 /* Base */,
			);
			name = Main.storyboard;
			sourceTree = "<group>";
		};
		6A4919192AEDED2D007A1569 /* LaunchScreen.storyboard */ = {
			isa = PBXVariantGroup;
			children = (
				6A49191A2AEDED2D007A1569 /* Base */,
			);
			name = LaunchScreen.storyboard;
			sourceTree = "<group>";
		};
/* End PBXVariantGroup section */

/* Begin XCBuildConfiguration section */
		6A4919332AEDED2D007A1569 /* Debug */ = {
			isa = XCBuildConfiguration;
			buildSettings = {
				ALWAYS_SEARCH_USER_PATHS = NO;
				CLANG_ANALYZER_NONNULL = YES;
				CLANG_ANALYZER_NUMBER_OBJECT_CONVERSION = YES_AGGRESSIVE;
				CLANG_CXX_LANGUAGE_STANDARD = "gnu++20";
				CLANG_ENABLE_MODULES = YES;
				CLANG_ENABLE_OBJC_ARC = YES;
				CLANG_ENABLE_OBJC_WEAK = YES;
				CLANG_WARN_BLOCK_CAPTURE_AUTORELEASING = YES;
				CLANG_WARN_BOOL_CONVERSION = YES;
				CLANG_WARN_COMMA = YES;
				CLANG_WARN_CONSTANT_CONVERSION = YES;
				CLANG_WARN_DEPRECATED_OBJC_IMPLEMENTATIONS = YES;
				CLANG_WARN_DIRECT_OBJC_ISA_USAGE = YES_ERROR;
				CLANG_WARN_DOCUMENTATION_COMMENTS = YES;
				CLANG_WARN_EMPTY_BODY = YES;
				CLANG_WARN_ENUM_CONVERSION = YES;
				CLANG_WARN_INFINITE_RECURSION = YES;
				CLANG_WARN_INT_CONVERSION = YES;
				CLANG_WARN_NON_LITERAL_NULL_CONVERSION = YES;
				CLANG_WARN_OBJC_IMPLICIT_RETAIN_SELF = YES;
				CLANG_WARN_OBJC_LITERAL_CONVERSION = YES;
				CLANG_WARN_OBJC_ROOT_CLASS = YES_ERROR;
				CLANG_WARN_QUOTED_INCLUDE_IN_FRAMEWORK_HEADER = YES;
				CLANG_WARN_RANGE_LOOP_ANALYSIS = YES;
				CLANG_WARN_STRICT_PROTOTYPES = YES;
				CLANG_WARN_SUSPICIOUS_MOVE = YES;
				CLANG_WARN_UNGUARDED_AVAILABILITY = YES_AGGRESSIVE;
				CLANG_WARN_UNREACHABLE_CODE = YES;
				CLANG_WARN__DUPLICATE_METHOD_MATCH = YES;
				COPY_PHASE_STRIP = NO;
				DEBUG_INFORMATION_FORMAT = dwarf;
				ENABLE_STRICT_OBJC_MSGSEND = YES;
				ENABLE_TESTABILITY = YES;
				GCC_C_LANGUAGE_STANDARD = gnu11;
				GCC_DYNAMIC_NO_PIC = NO;
				GCC_NO_COMMON_BLOCKS = YES;
				GCC_OPTIMIZATION_LEVEL = 0;
				GCC_PREPROCESSOR_DEFINITIONS = (
					"DEBUG=1",
					"$(inherited)",
				);
				GCC_WARN_64_TO_32_BIT_CONVERSION = YES;
				GCC_WARN_ABOUT_RETURN_TYPE = YES_ERROR;
				GCC_WARN_UNDECLARED_SELECTOR = YES;
				GCC_WARN_UNINITIALIZED_AUTOS = YES_AGGRESSIVE;
				GCC_WARN_UNUSED_FUNCTION = YES;
				GCC_WARN_UNUSED_VARIABLE = YES;
				IPHONEOS_DEPLOYMENT_TARGET = 16.2;
				MTL_ENABLE_DEBUG_INFO = INCLUDE_SOURCE;
				MTL_FAST_MATH = YES;
				ONLY_ACTIVE_ARCH = YES;
				SDKROOT = iphoneos;
				SWIFT_ACTIVE_COMPILATION_CONDITIONS = DEBUG;
				SWIFT_OPTIMIZATION_LEVEL = "-Onone";
			};
			name = Debug;
		};
		6A4919342AEDED2D007A1569 /* Release */ = {
			isa = XCBuildConfiguration;
			buildSettings = {
				ALWAYS_SEARCH_USER_PATHS = NO;
				CLANG_ANALYZER_NONNULL = YES;
				CLANG_ANALYZER_NUMBER_OBJECT_CONVERSION = YES_AGGRESSIVE;
				CLANG_CXX_LANGUAGE_STANDARD = "gnu++20";
				CLANG_ENABLE_MODULES = YES;
				CLANG_ENABLE_OBJC_ARC = YES;
				CLANG_ENABLE_OBJC_WEAK = YES;
				CLANG_WARN_BLOCK_CAPTURE_AUTORELEASING = YES;
				CLANG_WARN_BOOL_CONVERSION = YES;
				CLANG_WARN_COMMA = YES;
				CLANG_WARN_CONSTANT_CONVERSION = YES;
				CLANG_WARN_DEPRECATED_OBJC_IMPLEMENTATIONS = YES;
				CLANG_WARN_DIRECT_OBJC_ISA_USAGE = YES_ERROR;
				CLANG_WARN_DOCUMENTATION_COMMENTS = YES;
				CLANG_WARN_EMPTY_BODY = YES;
				CLANG_WARN_ENUM_CONVERSION = YES;
				CLANG_WARN_INFINITE_RECURSION = YES;
				CLANG_WARN_INT_CONVERSION = YES;
				CLANG_WARN_NON_LITERAL_NULL_CONVERSION = YES;
				CLANG_WARN_OBJC_IMPLICIT_RETAIN_SELF = YES;
				CLANG_WARN_OBJC_LITERAL_CONVERSION = YES;
				CLANG_WARN_OBJC_ROOT_CLASS = YES_ERROR;
				CLANG_WARN_QUOTED_INCLUDE_IN_FRAMEWORK_HEADER = YES;
				CLANG_WARN_RANGE_LOOP_ANALYSIS = YES;
				CLANG_WARN_STRICT_PROTOTYPES = YES;
				CLANG_WARN_SUSPICIOUS_MOVE = YES;
				CLANG_WARN_UNGUARDED_AVAILABILITY = YES_AGGRESSIVE;
				CLANG_WARN_UNREACHABLE_CODE = YES;
				CLANG_WARN__DUPLICATE_METHOD_MATCH = YES;
				COPY_PHASE_STRIP = NO;
				DEBUG_INFORMATION_FORMAT = "dwarf-with-dsym";
				ENABLE_NS_ASSERTIONS = NO;
				ENABLE_STRICT_OBJC_MSGSEND = YES;
				GCC_C_LANGUAGE_STANDARD = gnu11;
				GCC_NO_COMMON_BLOCKS = YES;
				GCC_WARN_64_TO_32_BIT_CONVERSION = YES;
				GCC_WARN_ABOUT_RETURN_TYPE = YES_ERROR;
				GCC_WARN_UNDECLARED_SELECTOR = YES;
				GCC_WARN_UNINITIALIZED_AUTOS = YES_AGGRESSIVE;
				GCC_WARN_UNUSED_FUNCTION = YES;
				GCC_WARN_UNUSED_VARIABLE = YES;
				IPHONEOS_DEPLOYMENT_TARGET = 16.2;
				MTL_ENABLE_DEBUG_INFO = NO;
				MTL_FAST_MATH = YES;
				SDKROOT = iphoneos;
				SWIFT_COMPILATION_MODE = wholemodule;
				SWIFT_OPTIMIZATION_LEVEL = "-O";
				VALIDATE_PRODUCT = YES;
			};
			name = Release;
		};
		6A4919362AEDED2D007A1569 /* Debug */ = {
			isa = XCBuildConfiguration;
			buildSettings = {
				ASSETCATALOG_COMPILER_APPICON_NAME = AppIcon;
				ASSETCATALOG_COMPILER_GLOBAL_ACCENT_COLOR_NAME = AccentColor;
				CODE_SIGN_STYLE = Automatic;
				CURRENT_PROJECT_VERSION = 1;
				DEVELOPMENT_TEAM = 34K8SKUN9P;
				GENERATE_INFOPLIST_FILE = YES;
				INFOPLIST_FILE = SQLiteTest/Info.plist;
				INFOPLIST_KEY_UIApplicationSupportsIndirectInputEvents = YES;
				INFOPLIST_KEY_UILaunchStoryboardName = LaunchScreen;
				INFOPLIST_KEY_UIMainStoryboardFile = Main;
				INFOPLIST_KEY_UISupportedInterfaceOrientations_iPad = "UIInterfaceOrientationPortrait UIInterfaceOrientationPortraitUpsideDown UIInterfaceOrientationLandscapeLeft UIInterfaceOrientationLandscapeRight";
				INFOPLIST_KEY_UISupportedInterfaceOrientations_iPhone = "UIInterfaceOrientationPortrait UIInterfaceOrientationLandscapeLeft UIInterfaceOrientationLandscapeRight";
				IPHONEOS_DEPLOYMENT_TARGET = 11.0;
				LD_RUNPATH_SEARCH_PATHS = (
					"$(inherited)",
					"@executable_path/Frameworks",
				);
				MARKETING_VERSION = 1.0;
				PRODUCT_BUNDLE_IDENTIFIER = NawSuSuNyein.SQLiteTest;
				PRODUCT_NAME = "$(TARGET_NAME)";
				SWIFT_EMIT_LOC_STRINGS = YES;
				SWIFT_VERSION = 5.0;
				TARGETED_DEVICE_FAMILY = "1,2";
			};
			name = Debug;
		};
		6A4919372AEDED2D007A1569 /* Release */ = {
			isa = XCBuildConfiguration;
			buildSettings = {
				ASSETCATALOG_COMPILER_APPICON_NAME = AppIcon;
				ASSETCATALOG_COMPILER_GLOBAL_ACCENT_COLOR_NAME = AccentColor;
				CODE_SIGN_STYLE = Automatic;
				CURRENT_PROJECT_VERSION = 1;
				DEVELOPMENT_TEAM = 34K8SKUN9P;
				GENERATE_INFOPLIST_FILE = YES;
				INFOPLIST_FILE = SQLiteTest/Info.plist;
				INFOPLIST_KEY_UIApplicationSupportsIndirectInputEvents = YES;
				INFOPLIST_KEY_UILaunchStoryboardName = LaunchScreen;
				INFOPLIST_KEY_UIMainStoryboardFile = Main;
				INFOPLIST_KEY_UISupportedInterfaceOrientations_iPad = "UIInterfaceOrientationPortrait UIInterfaceOrientationPortraitUpsideDown UIInterfaceOrientationLandscapeLeft UIInterfaceOrientationLandscapeRight";
				INFOPLIST_KEY_UISupportedInterfaceOrientations_iPhone = "UIInterfaceOrientationPortrait UIInterfaceOrientationLandscapeLeft UIInterfaceOrientationLandscapeRight";
				IPHONEOS_DEPLOYMENT_TARGET = 11.0;
				LD_RUNPATH_SEARCH_PATHS = (
					"$(inherited)",
					"@executable_path/Frameworks",
				);
				MARKETING_VERSION = 1.0;
				PRODUCT_BUNDLE_IDENTIFIER = NawSuSuNyein.SQLiteTest;
				PRODUCT_NAME = "$(TARGET_NAME)";
				SWIFT_EMIT_LOC_STRINGS = YES;
				SWIFT_VERSION = 5.0;
				TARGETED_DEVICE_FAMILY = "1,2";
			};
			name = Release;
		};
		6A4919392AEDED2D007A1569 /* Debug */ = {
			isa = XCBuildConfiguration;
			buildSettings = {
				ALWAYS_EMBED_SWIFT_STANDARD_LIBRARIES = YES;
				BUNDLE_LOADER = "$(TEST_HOST)";
				CODE_SIGN_STYLE = Automatic;
				CURRENT_PROJECT_VERSION = 1;
				DEVELOPMENT_TEAM = 34K8SKUN9P;
				GENERATE_INFOPLIST_FILE = YES;
				IPHONEOS_DEPLOYMENT_TARGET = 16.2;
				MARKETING_VERSION = 1.0;
				PRODUCT_BUNDLE_IDENTIFIER = NawSuSuNyein.SQLiteTestTests;
				PRODUCT_NAME = "$(TARGET_NAME)";
				SWIFT_EMIT_LOC_STRINGS = NO;
				SWIFT_VERSION = 5.0;
				TARGETED_DEVICE_FAMILY = "1,2";
				TEST_HOST = "$(BUILT_PRODUCTS_DIR)/SQLiteTest.app/$(BUNDLE_EXECUTABLE_FOLDER_PATH)/SQLiteTest";
			};
			name = Debug;
		};
		6A49193A2AEDED2D007A1569 /* Release */ = {
			isa = XCBuildConfiguration;
			buildSettings = {
				ALWAYS_EMBED_SWIFT_STANDARD_LIBRARIES = YES;
				BUNDLE_LOADER = "$(TEST_HOST)";
				CODE_SIGN_STYLE = Automatic;
				CURRENT_PROJECT_VERSION = 1;
				DEVELOPMENT_TEAM = 34K8SKUN9P;
				GENERATE_INFOPLIST_FILE = YES;
				IPHONEOS_DEPLOYMENT_TARGET = 16.2;
				MARKETING_VERSION = 1.0;
				PRODUCT_BUNDLE_IDENTIFIER = NawSuSuNyein.SQLiteTestTests;
				PRODUCT_NAME = "$(TARGET_NAME)";
				SWIFT_EMIT_LOC_STRINGS = NO;
				SWIFT_VERSION = 5.0;
				TARGETED_DEVICE_FAMILY = "1,2";
				TEST_HOST = "$(BUILT_PRODUCTS_DIR)/SQLiteTest.app/$(BUNDLE_EXECUTABLE_FOLDER_PATH)/SQLiteTest";
			};
			name = Release;
		};
		6A49193C2AEDED2D007A1569 /* Debug */ = {
			isa = XCBuildConfiguration;
			buildSettings = {
				ALWAYS_EMBED_SWIFT_STANDARD_LIBRARIES = YES;
				CODE_SIGN_STYLE = Automatic;
				CURRENT_PROJECT_VERSION = 1;
				DEVELOPMENT_TEAM = 34K8SKUN9P;
				GENERATE_INFOPLIST_FILE = YES;
				MARKETING_VERSION = 1.0;
				PRODUCT_BUNDLE_IDENTIFIER = NawSuSuNyein.SQLiteTestUITests;
				PRODUCT_NAME = "$(TARGET_NAME)";
				SWIFT_EMIT_LOC_STRINGS = NO;
				SWIFT_VERSION = 5.0;
				TARGETED_DEVICE_FAMILY = "1,2";
				TEST_TARGET_NAME = SQLiteTest;
			};
			name = Debug;
		};
		6A49193D2AEDED2D007A1569 /* Release */ = {
			isa = XCBuildConfiguration;
			buildSettings = {
				ALWAYS_EMBED_SWIFT_STANDARD_LIBRARIES = YES;
				CODE_SIGN_STYLE = Automatic;
				CURRENT_PROJECT_VERSION = 1;
				DEVELOPMENT_TEAM = 34K8SKUN9P;
				GENERATE_INFOPLIST_FILE = YES;
				MARKETING_VERSION = 1.0;
				PRODUCT_BUNDLE_IDENTIFIER = NawSuSuNyein.SQLiteTestUITests;
				PRODUCT_NAME = "$(TARGET_NAME)";
				SWIFT_EMIT_LOC_STRINGS = NO;
				SWIFT_VERSION = 5.0;
				TARGETED_DEVICE_FAMILY = "1,2";
				TEST_TARGET_NAME = SQLiteTest;
			};
			name = Release;
		};
/* End XCBuildConfiguration section */

/* Begin XCConfigurationList section */
		6A4919062AEDED29007A1569 /* Build configuration list for PBXProject "SQLiteTest" */ = {
			isa = XCConfigurationList;
			buildConfigurations = (
				6A4919332AEDED2D007A1569 /* Debug */,
				6A4919342AEDED2D007A1569 /* Release */,
			);
			defaultConfigurationIsVisible = 0;
			defaultConfigurationName = Release;
		};
		6A4919352AEDED2D007A1569 /* Build configuration list for PBXNativeTarget "SQLiteTest" */ = {
			isa = XCConfigurationList;
			buildConfigurations = (
				6A4919362AEDED2D007A1569 /* Debug */,
				6A4919372AEDED2D007A1569 /* Release */,
			);
			defaultConfigurationIsVisible = 0;
			defaultConfigurationName = Release;
		};
		6A4919382AEDED2D007A1569 /* Build configuration list for PBXNativeTarget "SQLiteTestTests" */ = {
			isa = XCConfigurationList;
			buildConfigurations = (
				6A4919392AEDED2D007A1569 /* Debug */,
				6A49193A2AEDED2D007A1569 /* Release */,
			);
			defaultConfigurationIsVisible = 0;
			defaultConfigurationName = Release;
		};
		6A49193B2AEDED2D007A1569 /* Build configuration list for PBXNativeTarget "SQLiteTestUITests" */ = {
			isa = XCConfigurationList;
			buildConfigurations = (
				6A49193C2AEDED2D007A1569 /* Debug */,
				6A49193D2AEDED2D007A1569 /* Release */,
			);
			defaultConfigurationIsVisible = 0;
			defaultConfigurationName = Release;
		};
/* End XCConfigurationList section */
	};
	rootObject = 6A4919032AEDED29007A1569 /* Project object */;
}
